
Microsoft Visual Studio Solution File, Format Version 12.00
# Visual Studio Version 16
VisualStudioVersion = 16.0.29230.47
MinimumVisualStudioVersion = 10.0.40219.1
Project("{9A19103F-16F7-4668-BE54-9A1E7A4F7556}") = "DirFileInfo", "DirFileInfo\DirFileInfo.csproj", "{A0D1842B-F453-491C-A419-0CD8909FFFAB}"
EndProject
Project("{9A19103F-16F7-4668-BE54-9A1E7A4F7556}") = "TextFiles", "TextFiles\TextFiles.csproj", "{1E10C4A0-E420-448A-A2FF-3F8C56C1D0A9}"
EndProject
Project("{9A19103F-16F7-4668-BE54-9A1E7A4F7556}") = "BinFiles", "BinFiles\BinFiles.csproj", "{57407A01-41A6-455A-95AD-DC1C368B0781}"
EndProject
Project("{9A19103F-16F7-4668-BE54-9A1E7A4F7556}") = "CreateDirectories", "CreateDirectories\CreateDirectories.csproj", "{DB15CD8D-A1AA-4872-9F73-D9C9FEAEB5F1}"
EndProject
Project("{9A19103F-16F7-4668-BE54-9A1E7A4F7556}") = "Zip", "Zip\Zip.csproj", "{68E4820E-6E7A-47ED-8A4F-0984C90B0479}"
EndProject
Global
	GlobalSection(SolutionConfigurationPlatforms) = preSolution
		Debug|Any CPU = Debug|Any CPU
		Release|Any CPU = Release|Any CPU
	EndGlobalSection
	GlobalSection(ProjectConfigurationPlatforms) = postSolution
		{A0D1842B-F453-491C-A419-0CD8909FFFAB}.Debug|Any CPU.ActiveCfg = Debug|Any CPU
		{A0D1842B-F453-491C-A419-0CD8909FFFAB}.Debug|Any CPU.Build.0 = Debug|Any CPU
		{A0D1842B-F453-491C-A419-0CD8909FFFAB}.Release|Any CPU.ActiveCfg = Release|Any CPU
		{A0D1842B-F453-491C-A419-0CD8909FFFAB}.Release|Any CPU.Build.0 = Release|Any CPU
		{1E10C4A0-E420-448A-A2FF-3F8C56C1D0A9}.Debug|Any CPU.ActiveCfg = Debug|Any CPU
		{1E10C4A0-E420-448A-A2FF-3F8C56C1D0A9}.Debug|Any CPU.Build.0 = Debug|Any CPU
		{1E10C4A0-E420-448A-A2FF-3F8C56C1D0A9}.Release|Any CPU.ActiveCfg = Release|Any CPU
		{1E10C4A0-E420-448A-A2FF-3F8C56C1D0A9}.Release|Any CPU.Build.0 = Release|Any CPU
		{57407A01-41A6-455A-95AD-DC1C368B0781}.Debug|Any CPU.ActiveCfg = Debug|Any CPU
		{57407A01-41A6-455A-95AD-DC1C368B0781}.Debug|Any CPU.Build.0 = Debug|Any CPU
		{57407A01-41A6-455A-95AD-DC1C368B0781}.Release|Any CPU.ActiveCfg = Release|Any CPU
		{57407A01-41A6-455A-95AD-DC1C368B0781}.Release|Any CPU.Build.0 = Release|Any CPU
		{DB15CD8D-A1AA-4872-9F73-D9C9FEAEB5F1}.Debug|Any CPU.ActiveCfg = Debug|Any CPU
		{DB15CD8D-A1AA-4872-9F73-D9C9FEAEB5F1}.Debug|Any CPU.Build.0 = Debug|Any CPU
		{DB15CD8D-A1AA-4872-9F73-D9C9FEAEB5F1}.Release|Any CPU.ActiveCfg = Release|Any CPU
		{DB15CD8D-A1AA-4872-9F73-D9C9FEAEB5F1}.Release|Any CPU.Build.0 = Release|Any CPU
		{68E4820E-6E7A-47ED-8A4F-0984C90B0479}.Debug|Any CPU.ActiveCfg = Debug|Any CPU
		{68E4820E-6E7A-47ED-8A4F-0984C90B0479}.Debug|Any CPU.Build.0 = Debug|Any CPU
		{68E4820E-6E7A-47ED-8A4F-0984C90B0479}.Release|Any CPU.ActiveCfg = Release|Any CPU
		{68E4820E-6E7A-47ED-8A4F-0984C90B0479}.Release|Any CPU.Build.0 = Release|Any CPU
	EndGlobalSection
	GlobalSection(SolutionProperties) = preSolution
		HideSolutionNode = FALSE
	EndGlobalSection
	GlobalSection(ExtensibilityGlobals) = postSolution
		SolutionGuid = {2B9AE326-33D3-4C70-B169-E1BBC8FF9354}
	EndGlobalSection
EndGlobal
